// !$*UTF8*$!
{
	archiveVersion = 1;
	classes = {
	};
	objectVersion = 46;
	objects = {

/* Begin PBXBuildFile section */
		706E512C1C7141320089F180 /* AppDelegate.swift in Sources */ = {isa = PBXBuildFile; fileRef = 706E512B1C7141320089F180 /* AppDelegate.swift */; };
		706E512E1C7141320089F180 /* ViewController.swift in Sources */ = {isa = PBXBuildFile; fileRef = 706E512D1C7141320089F180 /* ViewController.swift */; };
		706E51311C7141320089F180 /* Main.storyboard in Resources */ = {isa = PBXBuildFile; fileRef = 706E512F1C7141320089F180 /* Main.storyboard */; };
		706E51331C7141320089F180 /* Assets.xcassets in Resources */ = {isa = PBXBuildFile; fileRef = 706E51321C7141320089F180 /* Assets.xcassets */; };
		706E51361C7141320089F180 /* LaunchScreen.storyboard in Resources */ = {isa = PBXBuildFile; fileRef = 706E51341C7141320089F180 /* LaunchScreen.storyboard */; };
		706E51411C7141320089F180 /* OnTheMapTests.swift in Sources */ = {isa = PBXBuildFile; fileRef = 706E51401C7141320089F180 /* OnTheMapTests.swift */; };
/* End PBXBuildFile section */

/* Begin PBXContainerItemProxy section */
		706E513D1C7141320089F180 /* PBXContainerItemProxy */ = {
			isa = PBXContainerItemProxy;
			containerPortal = 706E51201C7141320089F180 /* Project object */;
			proxyType = 1;
			remoteGlobalIDString = 706E51271C7141320089F180;
			remoteInfo = OnTheMap;
		};
/* End PBXContainerItemProxy section */

/* Begin PBXFileReference section */
		706E51281C7141320089F180 /* OnTheMap.app */ = {isa = PBXFileReference; explicitFileType = wrapper.application; includeInIndex = 0; path = OnTheMap.app; sourceTree = BUILT_PRODUCTS_DIR; };
		706E512B1C7141320089F180 /* AppDelegate.swift */ = {isa = PBXFileReference; lastKnownFileType = sourcecode.swift; path = AppDelegate.swift; sourceTree = "<group>"; };
		706E512D1C7141320089F180 /* ViewController.swift */ = {isa = PBXFileReference; lastKnownFileType = sourcecode.swift; path = ViewController.swift; sourceTree = "<group>"; };
		706E51301C7141320089F180 /* Base */ = {isa = PBXFileReference; lastKnownFileType = file.storyboard; name = Base; path = Base.lproj/Main.storyboard; sourceTree = "<group>"; };
		706E51321C7141320089F180 /* Assets.xcassets */ = {isa = PBXFileReference; lastKnownFileType = folder.assetcatalog; path = Assets.xcassets; sourceTree = "<group>"; };
		706E51351C7141320089F180 /* Base */ = {isa = PBXFileReference; lastKnownFileType = file.storyboard; name = Base; path = Base.lproj/LaunchScreen.storyboard; sourceTree = "<group>"; };
		706E51371C7141320089F180 /* Info.plist */ = {isa = PBXFileReference; lastKnownFileType = text.plist.xml; path = Info.plist; sourceTree = "<group>"; };
		706E513C1C7141320089F180 /* OnTheMapTests.xctest */ = {isa = PBXFileReference; explicitFileType = wrapper.cfbundle; includeInIndex = 0; path = OnTheMapTests.xctest; sourceTree = BUILT_PRODUCTS_DIR; };
		706E51401C7141320089F180 /* OnTheMapTests.swift */ = {isa = PBXFileReference; lastKnownFileType = sourcecode.swift; path = OnTheMapTests.swift; sourceTree = "<group>"; };
		706E51421C7141320089F180 /* Info.plist */ = {isa = PBXFileReference; lastKnownFileType = text.plist.xml; path = Info.plist; sourceTree = "<group>"; };
/* End PBXFileReference section */

/* Begin PBXFrameworksBuildPhase section */
		706E51251C7141320089F180 /* Frameworks */ = {
			isa = PBXFrameworksBuildPhase;
			buildActionMask = 2147483647;
			files = (
			);
			runOnlyForDeploymentPostprocessing = 0;
		};
		706E51391C7141320089F180 /* Frameworks */ = {
			isa = PBXFrameworksBuildPhase;
			buildActionMask = 2147483647;
			files = (
			);
			runOnlyForDeploymentPostprocessing = 0;
		};
/* End PBXFrameworksBuildPhase section */

/* Begin PBXGroup section */
		706E511F1C7141320089F180 = {
			isa = PBXGroup;
			children = (
				706E512A1C7141320089F180 /* OnTheMap */,
				706E513F1C7141320089F180 /* OnTheMapTests */,
				706E51291C7141320089F180 /* Products */,
			);
			sourceTree = "<group>";
		};
		706E51291C7141320089F180 /* Products */ = {
			isa = PBXGroup;
			children = (
				706E51281C7141320089F180 /* OnTheMap.app */,
				706E513C1C7141320089F180 /* OnTheMapTests.xctest */,
			);
			name = Products;
			sourceTree = "<group>";
		};
		706E512A1C7141320089F180 /* OnTheMap */ = {
			isa = PBXGroup;
			children = (
				706E512B1C7141320089F180 /* AppDelegate.swift */,
				706E512D1C7141320089F180 /* ViewController.swift */,
				706E512F1C7141320089F180 /* Main.storyboard */,
				706E51321C7141320089F180 /* Assets.xcassets */,
				706E51341C7141320089F180 /* LaunchScreen.storyboard */,
				706E51371C7141320089F180 /* Info.plist */,
			);
			path = OnTheMap;
			sourceTree = "<group>";
		};
		706E513F1C7141320089F180 /* OnTheMapTests */ = {
			isa = PBXGroup;
			children = (
				706E51401C7141320089F180 /* OnTheMapTests.swift */,
				706E51421C7141320089F180 /* Info.plist */,
			);
			path = OnTheMapTests;
			sourceTree = "<group>";
		};
/* End PBXGroup section */

/* Begin PBXNativeTarget section */
		706E51271C7141320089F180 /* OnTheMap */ = {
			isa = PBXNativeTarget;
			buildConfigurationList = 706E51451C7141320089F180 /* Build configuration list for PBXNativeTarget "OnTheMap" */;
			buildPhases = (
				706E51241C7141320089F180 /* Sources */,
				706E51251C7141320089F180 /* Frameworks */,
				706E51261C7141320089F180 /* Resources */,
			);
			buildRules = (
			);
			dependencies = (
			);
			name = OnTheMap;
			productName = OnTheMap;
			productReference = 706E51281C7141320089F180 /* OnTheMap.app */;
			productType = "com.apple.product-type.application";
		};
		706E513B1C7141320089F180 /* OnTheMapTests */ = {
			isa = PBXNativeTarget;
			buildConfigurationList = 706E51481C7141320089F180 /* Build configuration list for PBXNativeTarget "OnTheMapTests" */;
			buildPhases = (
				706E51381C7141320089F180 /* Sources */,
				706E51391C7141320089F180 /* Frameworks */,
				706E513A1C7141320089F180 /* Resources */,
			);
			buildRules = (
			);
			dependencies = (
				706E513E1C7141320089F180 /* PBXTargetDependency */,
			);
			name = OnTheMapTests;
			productName = OnTheMapTests;
			productReference = 706E513C1C7141320089F180 /* OnTheMapTests.xctest */;
			productType = "com.apple.product-type.bundle.unit-test";
		};
/* End PBXNativeTarget section */

/* Begin PBXProject section */
		706E51201C7141320089F180 /* Project object */ = {
			isa = PBXProject;
			attributes = {
				LastSwiftUpdateCheck = 0720;
				LastUpgradeCheck = 0720;
				ORGANIZATIONNAME = msquared;
				TargetAttributes = {
					706E51271C7141320089F180 = {
						CreatedOnToolsVersion = 7.2.1;
						DevelopmentTeam = 84P7DWA4EE;
					};
					706E513B1C7141320089F180 = {
						CreatedOnToolsVersion = 7.2.1;
						DevelopmentTeam = 84P7DWA4EE;
						TestTargetID = 706E51271C7141320089F180;
					};
				};
			};
			buildConfigurationList = 706E51231C7141320089F180 /* Build configuration list for PBXProject "OnTheMap" */;
			compatibilityVersion = "Xcode 3.2";
			developmentRegion = English;
			hasScannedForEncodings = 0;
			knownRegions = (
				en,
				Base,
			);
			mainGroup = 706E511F1C7141320089F180;
			productRefGroup = 706E51291C7141320089F180 /* Products */;
			projectDirPath = "";
			projectRoot = "";
			targets = (
				706E51271C7141320089F180 /* OnTheMap */,
				706E513B1C7141320089F180 /* OnTheMapTests */,
			);
		};
/* End PBXProject section */

/* Begin PBXResourcesBuildPhase section */
		706E51261C7141320089F180 /* Resources */ = {
			isa = PBXResourcesBuildPhase;
			buildActionMask = 2147483647;
			files = (
				706E51361C7141320089F180 /* LaunchScreen.storyboard in Resources */,
				706E51331C7141320089F180 /* Assets.xcassets in Resources */,
				706E51311C7141320089F180 /* Main.storyboard in Resources */,
			);
			runOnlyForDeploymentPostprocessing = 0;
		};
		706E513A1C7141320089F180 /* Resources */ = {
			isa = PBXResourcesBuildPhase;
			buildActionMask = 2147483647;
			files = (
			);
			runOnlyForDeploymentPostprocessing = 0;
		};
/* End PBXResourcesBuildPhase section */

/* Begin PBXSourcesBuildPhase section */
		706E51241C7141320089F180 /* Sources */ = {
			isa = PBXSourcesBuildPhase;
			buildActionMask = 2147483647;
			files = (
				706E512E1C7141320089F180 /* ViewController.swift in Sources */,
				706E512C1C7141320089F180 /* AppDelegate.swift in Sources */,
			);
			runOnlyForDeploymentPostprocessing = 0;
		};
		706E51381C7141320089F180 /* Sources */ = {
			isa = PBXSourcesBuildPhase;
			buildActionMask = 2147483647;
			files = (
				706E51411C7141320089F180 /* OnTheMapTests.swift in Sources */,
			);
			runOnlyForDeploymentPostprocessing = 0;
		};
/* End PBXSourcesBuildPhase section */

/* Begin PBXTargetDependency section */
		706E513E1C7141320089F180 /* PBXTargetDependency */ = {
			isa = PBXTargetDependency;
			target = 706E51271C7141320089F180 /* OnTheMap */;
			targetProxy = 706E513D1C7141320089F180 /* PBXContainerItemProxy */;
		};
/* End PBXTargetDependency section */

/* Begin PBXVariantGroup section */
		706E512F1C7141320089F180 /* Main.storyboard */ = {
			isa = PBXVariantGroup;
			children = (
				706E51301C7141320089F180 /* Base */,
			);
			name = Main.storyboard;
			sourceTree = "<group>";
		};
		706E51341C7141320089F180 /* LaunchScreen.storyboard */ = {
			isa = PBXVariantGroup;
			children = (
				706E51351C7141320089F180 /* Base */,
			);
			name = LaunchScreen.storyboard;
			sourceTree = "<group>";
		};
/* End PBXVariantGroup section */

/* Begin XCBuildConfiguration section */
		706E51431C7141320089F180 /* Debug */ = {
			isa = XCBuildConfiguration;
			buildSettings = {
				ALWAYS_SEARCH_USER_PATHS = NO;
				CLANG_CXX_LANGUAGE_STANDARD = "gnu++0x";
				CLANG_CXX_LIBRARY = "libc++";
				CLANG_ENABLE_MODULES = YES;
				CLANG_ENABLE_OBJC_ARC = YES;
				CLANG_WARN_BOOL_CONVERSION = YES;
				CLANG_WARN_CONSTANT_CONVERSION = YES;
				CLANG_WARN_DIRECT_OBJC_ISA_USAGE = YES_ERROR;
				CLANG_WARN_EMPTY_BODY = YES;
				CLANG_WARN_ENUM_CONVERSION = YES;
				CLANG_WARN_INT_CONVERSION = YES;
				CLANG_WARN_OBJC_ROOT_CLASS = YES_ERROR;
				CLANG_WARN_UNREACHABLE_CODE = YES;
				CLANG_WARN__DUPLICATE_METHOD_MATCH = YES;
				"CODE_SIGN_IDENTITY[sdk=iphoneos*]" = "iPhone Developer";
				COPY_PHASE_STRIP = NO;
				DEBUG_INFORMATION_FORMAT = dwarf;
				ENABLE_STRICT_OBJC_MSGSEND = YES;
				ENABLE_TESTABILITY = YES;
				GCC_C_LANGUAGE_STANDARD = gnu99;
				GCC_DYNAMIC_NO_PIC = NO;
				GCC_NO_COMMON_BLOCKS = YES;
				GCC_OPTIMIZATION_LEVEL = 0;
				GCC_PREPROCESSOR_DEFINITIONS = (
					"DEBUG=1",
					"$(inherited)",
				);
				GCC_WARN_64_TO_32_BIT_CONVERSION = YES;
				GCC_WARN_ABOUT_RETURN_TYPE = YES_ERROR;
				GCC_WARN_UNDECLARED_SELECTOR = YES;
				GCC_WARN_UNINITIALIZED_AUTOS = YES_AGGRESSIVE;
				GCC_WARN_UNUSED_FUNCTION = YES;
				GCC_WARN_UNUSED_VARIABLE = YES;
				IPHONEOS_DEPLOYMENT_TARGET = 9.2;
				MTL_ENABLE_DEBUG_INFO = YES;
				ONLY_ACTIVE_ARCH = YES;
				SDKROOT = iphoneos;
				SWIFT_OPTIMIZATION_LEVEL = "-Onone";
			};
			name = Debug;
		};
		706E51441C7141320089F180 /* Release */ = {
			isa = XCBuildConfiguration;
			buildSettings = {
				ALWAYS_SEARCH_USER_PATHS = NO;
				CLANG_CXX_LANGUAGE_STANDARD = "gnu++0x";
				CLANG_CXX_LIBRARY = "libc++";
				CLANG_ENABLE_MODULES = YES;
				CLANG_ENABLE_OBJC_ARC = YES;
				CLANG_WARN_BOOL_CONVERSION = YES;
				CLANG_WARN_CONSTANT_CONVERSION = YES;
				CLANG_WARN_DIRECT_OBJC_ISA_USAGE = YES_ERROR;
				CLANG_WARN_EMPTY_BODY = YES;
				CLANG_WARN_ENUM_CONVERSION = YES;
				CLANG_WARN_INT_CONVERSION = YES;
				CLANG_WARN_OBJC_ROOT_CLASS = YES_ERROR;
				CLANG_WARN_UNREACHABLE_CODE = YES;
				CLANG_WARN__DUPLICATE_METHOD_MATCH = YES;
				"CODE_SIGN_IDENTITY[sdk=iphoneos*]" = "iPhone Developer";
				COPY_PHASE_STRIP = NO;
				DEBUG_INFORMATION_FORMAT = "dwarf-with-dsym";
				ENABLE_NS_ASSERTIONS = NO;
				ENABLE_STRICT_OBJC_MSGSEND = YES;
				GCC_C_LANGUAGE_STANDARD = gnu99;
				GCC_NO_COMMON_BLOCKS = YES;
				GCC_WARN_64_TO_32_BIT_CONVERSION = YES;
				GCC_WARN_ABOUT_RETURN_TYPE = YES_ERROR;
				GCC_WARN_UNDECLARED_SELECTOR = YES;
				GCC_WARN_UNINITIALIZED_AUTOS = YES_AGGRESSIVE;
				GCC_WARN_UNUSED_FUNCTION = YES;
				GCC_WARN_UNUSED_VARIABLE = YES;
				IPHONEOS_DEPLOYMENT_TARGET = 9.2;
				MTL_ENABLE_DEBUG_INFO = NO;
				SDKROOT = iphoneos;
				VALIDATE_PRODUCT = YES;
			};
			name = Release;
		};
		706E51461C7141320089F180 /* Debug */ = {
			isa = XCBuildConfiguration;
			buildSettings = {
				ASSETCATALOG_COMPILER_APPICON_NAME = AppIcon;
				INFOPLIST_FILE = OnTheMap/Info.plist;
				LD_RUNPATH_SEARCH_PATHS = "$(inherited) @executable_path/Frameworks";
				PRODUCT_BUNDLE_IDENTIFIER = com.msquared.OnTheMap;
				PRODUCT_NAME = "$(TARGET_NAME)";
			};
			name = Debug;
		};
		706E51471C7141320089F180 /* Release */ = {
			isa = XCBuildConfiguration;
			buildSettings = {
				ASSETCATALOG_COMPILER_APPICON_NAME = AppIcon;
				INFOPLIST_FILE = OnTheMap/Info.plist;
				LD_RUNPATH_SEARCH_PATHS = "$(inherited) @executable_path/Frameworks";
				PRODUCT_BUNDLE_IDENTIFIER = com.msquared.OnTheMap;
				PRODUCT_NAME = "$(TARGET_NAME)";
			};
			name = Release;
		};
		706E51491C7141320089F180 /* Debug */ = {
			isa = XCBuildConfiguration;
			buildSettings = {
				BUNDLE_LOADER = "$(TEST_HOST)";
				INFOPLIST_FILE = OnTheMapTests/Info.plist;
				LD_RUNPATH_SEARCH_PATHS = "$(inherited) @executable_path/Frameworks @loader_path/Frameworks";
				PRODUCT_BUNDLE_IDENTIFIER = com.msquared.OnTheMapTests;
				PRODUCT_NAME = "$(TARGET_NAME)";
				TEST_HOST = "$(BUILT_PRODUCTS_DIR)/OnTheMap.app/OnTheMap";
			};
			name = Debug;
		};
		706E514A1C7141320089F180 /* Release */ = {
			isa = XCBuildConfiguration;
			buildSettings = {
				BUNDLE_LOADER = "$(TEST_HOST)";
				INFOPLIST_FILE = OnTheMapTests/Info.plist;
				LD_RUNPATH_SEARCH_PATHS = "$(inherited) @executable_path/Frameworks @loader_path/Frameworks";
				PRODUCT_BUNDLE_IDENTIFIER = com.msquared.OnTheMapTests;
				PRODUCT_NAME = "$(TARGET_NAME)";
				TEST_HOST = "$(BUILT_PRODUCTS_DIR)/OnTheMap.app/OnTheMap";
			};
			name = Release;
		};
/* End XCBuildConfiguration section */

/* Begin XCConfigurationList section */
		706E51231C7141320089F180 /* Build configuration list for PBXProject "OnTheMap" */ = {
			isa = XCConfigurationList;
			buildConfigurations = (
				706E51431C7141320089F180 /* Debug */,
				706E51441C7141320089F180 /* Release */,
			);
			defaultConfigurationIsVisible = 0;
			defaultConfigurationName = Release;
		};
		706E51451C7141320089F180 /* Build configuration list for PBXNativeTarget "OnTheMap" */ = {
			isa = XCConfigurationList;
			buildConfigurations = (
				706E51461C7141320089F180 /* Debug */,
				706E51471C7141320089F180 /* Release */,
			);
			defaultConfigurationIsVisible = 0;
		};
		706E51481C7141320089F180 /* Build configuration list for PBXNativeTarget "OnTheMapTests" */ = {
			isa = XCConfigurationList;
			buildConfigurations = (
				706E51491C7141320089F180 /* Debug */,
				706E514A1C7141320089F180 /* Release */,
			);
			defaultConfigurationIsVisible = 0;
		};
/* End XCConfigurationList section */
	};
	rootObject = 706E51201C7141320089F180 /* Project object */;
}
